
Microsoft Visual Studio Solution File, Format Version 12.00
# Visual Studio Version 16
VisualStudioVersion = 16.0.31321.278
MinimumVisualStudioVersion = 10.0.40219.1
Project("{9A19103F-16F7-4668-BE54-9A1E7A4F7556}") = "twclient", "twclient.csproj", "{996E1829-21A3-4A44-8052-4F5532DC22CD}"
EndProject
Global
	GlobalSection(SolutionConfigurationPlatforms) = preSolution
		Debug|Any CPU = Debug|Any CPU
		Release|Any CPU = Release|Any CPU
	EndGlobalSection
	GlobalSection(ProjectConfigurationPlatforms) = postSolution
		{996E1829-21A3-4A44-8052-4F5532DC22CD}.Debug|Any CPU.ActiveCfg = Debug|Any CPU
		{996E1829-21A3-4A44-8052-4F5532DC22CD}.Debug|Any CPU.Build.0 = Debug|Any CPU
		{996E1829-21A3-4A44-8052-4F5532DC22CD}.Release|Any CPU.ActiveCfg = Release|Any CPU
		{996E1829-21A3-4A44-8052-4F5532DC22CD}.Release|Any CPU.Build.0 = Release|Any CPU
	EndGlobalSection
	GlobalSection(SolutionProperties) = preSolution
		HideSolutionNode = FALSE
	EndGlobalSection
	GlobalSection(ExtensibilityGlobals) = postSolution
		SolutionGuid = {A2702E1D-7A29-4F23-A915-66AB9488A960}
	EndGlobalSection
EndGlobal
